
Microsoft Visual Studio Solution File, Format Version 12.00
# Visual Studio Version 17
VisualStudioVersion = 17.4.33103.184
MinimumVisualStudioVersion = 10.0.40219.1
Project("{2150E333-8FDC-42A3-9474-1A3956D46DE8}") = "lib", "lib", "{6BD444F0-CD0F-40EA-BE88-C9A3FFC87501}"
EndProject
Project("{2150E333-8FDC-42A3-9474-1A3956D46DE8}") = "iTin.Core", "iTin.Core", "{0375AEFC-5E66-4EB6-A434-C453DF10AF71}"
EndProject
Project("{2150E333-8FDC-42A3-9474-1A3956D46DE8}") = "iTin.Core", "iTin.Core", "{3AFDFB88-EF3D-4C2F-AD0F-DE7A6A5D581E}"
EndProject
Project("{2150E333-8FDC-42A3-9474-1A3956D46DE8}") = "iTin.Logging", "iTin.Logging", "{FEA1D7D9-D763-4F5C-B443-CE10041F2C94}"
EndProject
Project("{2150E333-8FDC-42A3-9474-1A3956D46DE8}") = "iTin.Logging", "iTin.Logging", "{25260F41-3E9E-45BB-B896-9893F8E3C9EC}"
EndProject
Project("{2150E333-8FDC-42A3-9474-1A3956D46DE8}") = "iTin.AspNet", "iTin.AspNet", "{3C1E0904-5C5A-4495-9AD5-D613970BC0AD}"
EndProject
Project("{2150E333-8FDC-42A3-9474-1A3956D46DE8}") = "iTin.AspNet", "iTin.AspNet", "{C58EB101-364E-4E23-AC16-92D33B410F2B}"
EndProject
Project("{2150E333-8FDC-42A3-9474-1A3956D46DE8}") = "iTin.AspNet.Web", "iTin.AspNet.Web", "{DAF5A6BD-4B2B-49F3-869D-BB68521EC255}"
EndProject
Project("{2150E333-8FDC-42A3-9474-1A3956D46DE8}") = "iPdfWriter.AspNet", "iPdfWriter.AspNet", "{AF7FECA3-1790-4EC1-B2FB-EF233A5F929C}"
EndProject
Project("{2150E333-8FDC-42A3-9474-1A3956D46DE8}") = "samples", "samples", "{3FD00F9D-D391-4E05-8CB6-C3D4D34D225C}"
EndProject
Project("{FAE04EC0-301F-11D3-BF4B-00C04F79EFBC}") = "iPdfWriter.AspNet.WebApi", "src\samples\iPdfWriter.AspNet.WebApi\iPdfWriter.AspNet.WebApi.csproj", "{CE0C4788-E93E-47E4-996C-23FE940CA4CE}"
EndProject
Project("{2150E333-8FDC-42A3-9474-1A3956D46DE8}") = "iTin", "iTin", "{F42F86EE-E457-419A-B18C-F2CA728EB9B3}"
EndProject
Project("{2150E333-8FDC-42A3-9474-1A3956D46DE8}") = "iPdfWriter", "iPdfWriter", "{9205D87F-ED21-4D91-80E6-3512398CCDC7}"
EndProject
Project("{9A19103F-16F7-4668-BE54-9A1E7A4F7556}") = "iTin.Logging", "src\lib\iTin\iTin.Logging\iTin.Logging\iTin.Logging.csproj", "{E56009F7-BFA3-416A-AE44-16D79417AD18}"
EndProject
Project("{9A19103F-16F7-4668-BE54-9A1E7A4F7556}") = "iTin.Core", "src\lib\iTin\iTin.Core\iTin.Core\iTin.Core.csproj", "{D89165EF-1136-40B0-88D1-F0ACB850F97D}"
EndProject
Project("{9A19103F-16F7-4668-BE54-9A1E7A4F7556}") = "iTin.AspNet", "src\lib\iTin\iTin.AspNet\iTin.AspNet\iTin.AspNet.csproj", "{0546C8F5-CCA7-45C8-8AFA-D2BF4BB65B45}"
EndProject
Project("{9A19103F-16F7-4668-BE54-9A1E7A4F7556}") = "iTin.AspNet.Web", "src\lib\iTin\iTin.AspNet\iTin.AspNet.Web\iTin.AspNet.Web.csproj", "{D29A61F3-22F9-461E-BDB0-46E0C64C9161}"
EndProject
Project("{9A19103F-16F7-4668-BE54-9A1E7A4F7556}") = "iPdfWriter.AspNet", "src\lib\iPdfWriter\iPdfWriter.AspNet\iPdfWriter.AspNet.csproj", "{5891AEE9-8793-407D-AC36-FC506E6ED196}"
EndProject
Global
	GlobalSection(SolutionConfigurationPlatforms) = preSolution
		Debug|Any CPU = Debug|Any CPU
		Release|Any CPU = Release|Any CPU
	EndGlobalSection
	GlobalSection(ProjectConfigurationPlatforms) = postSolution
		{CE0C4788-E93E-47E4-996C-23FE940CA4CE}.Debug|Any CPU.ActiveCfg = Debug|Any CPU
		{CE0C4788-E93E-47E4-996C-23FE940CA4CE}.Debug|Any CPU.Build.0 = Debug|Any CPU
		{CE0C4788-E93E-47E4-996C-23FE940CA4CE}.Release|Any CPU.ActiveCfg = Release|Any CPU
		{CE0C4788-E93E-47E4-996C-23FE940CA4CE}.Release|Any CPU.Build.0 = Release|Any CPU
		{E56009F7-BFA3-416A-AE44-16D79417AD18}.Debug|Any CPU.ActiveCfg = Debug|Any CPU
		{E56009F7-BFA3-416A-AE44-16D79417AD18}.Debug|Any CPU.Build.0 = Debug|Any CPU
		{E56009F7-BFA3-416A-AE44-16D79417AD18}.Release|Any CPU.ActiveCfg = Release|Any CPU
		{E56009F7-BFA3-416A-AE44-16D79417AD18}.Release|Any CPU.Build.0 = Release|Any CPU
		{D89165EF-1136-40B0-88D1-F0ACB850F97D}.Debug|Any CPU.ActiveCfg = Debug|Any CPU
		{D89165EF-1136-40B0-88D1-F0ACB850F97D}.Debug|Any CPU.Build.0 = Debug|Any CPU
		{D89165EF-1136-40B0-88D1-F0ACB850F97D}.Release|Any CPU.ActiveCfg = Release|Any CPU
		{D89165EF-1136-40B0-88D1-F0ACB850F97D}.Release|Any CPU.Build.0 = Release|Any CPU
		{0546C8F5-CCA7-45C8-8AFA-D2BF4BB65B45}.Debug|Any CPU.ActiveCfg = Debug|Any CPU
		{0546C8F5-CCA7-45C8-8AFA-D2BF4BB65B45}.Debug|Any CPU.Build.0 = Debug|Any CPU
		{0546C8F5-CCA7-45C8-8AFA-D2BF4BB65B45}.Release|Any CPU.ActiveCfg = Release|Any CPU
		{0546C8F5-CCA7-45C8-8AFA-D2BF4BB65B45}.Release|Any CPU.Build.0 = Release|Any CPU
		{D29A61F3-22F9-461E-BDB0-46E0C64C9161}.Debug|Any CPU.ActiveCfg = Debug|Any CPU
		{D29A61F3-22F9-461E-BDB0-46E0C64C9161}.Debug|Any CPU.Build.0 = Debug|Any CPU
		{D29A61F3-22F9-461E-BDB0-46E0C64C9161}.Release|Any CPU.ActiveCfg = Release|Any CPU
		{D29A61F3-22F9-461E-BDB0-46E0C64C9161}.Release|Any CPU.Build.0 = Release|Any CPU
		{5891AEE9-8793-407D-AC36-FC506E6ED196}.Debug|Any CPU.ActiveCfg = Debug|Any CPU
		{5891AEE9-8793-407D-AC36-FC506E6ED196}.Debug|Any CPU.Build.0 = Debug|Any CPU
		{5891AEE9-8793-407D-AC36-FC506E6ED196}.Release|Any CPU.ActiveCfg = Release|Any CPU
		{5891AEE9-8793-407D-AC36-FC506E6ED196}.Release|Any CPU.Build.0 = Release|Any CPU
	EndGlobalSection
	GlobalSection(SolutionProperties) = preSolution
		HideSolutionNode = FALSE
	EndGlobalSection
	GlobalSection(NestedProjects) = preSolution
		{0375AEFC-5E66-4EB6-A434-C453DF10AF71} = {F42F86EE-E457-419A-B18C-F2CA728EB9B3}
		{3AFDFB88-EF3D-4C2F-AD0F-DE7A6A5D581E} = {0375AEFC-5E66-4EB6-A434-C453DF10AF71}
		{FEA1D7D9-D763-4F5C-B443-CE10041F2C94} = {F42F86EE-E457-419A-B18C-F2CA728EB9B3}
		{25260F41-3E9E-45BB-B896-9893F8E3C9EC} = {FEA1D7D9-D763-4F5C-B443-CE10041F2C94}
		{3C1E0904-5C5A-4495-9AD5-D613970BC0AD} = {F42F86EE-E457-419A-B18C-F2CA728EB9B3}
		{C58EB101-364E-4E23-AC16-92D33B410F2B} = {3C1E0904-5C5A-4495-9AD5-D613970BC0AD}
		{DAF5A6BD-4B2B-49F3-869D-BB68521EC255} = {3C1E0904-5C5A-4495-9AD5-D613970BC0AD}
		{AF7FECA3-1790-4EC1-B2FB-EF233A5F929C} = {9205D87F-ED21-4D91-80E6-3512398CCDC7}
		{CE0C4788-E93E-47E4-996C-23FE940CA4CE} = {3FD00F9D-D391-4E05-8CB6-C3D4D34D225C}
		{F42F86EE-E457-419A-B18C-F2CA728EB9B3} = {6BD444F0-CD0F-40EA-BE88-C9A3FFC87501}
		{9205D87F-ED21-4D91-80E6-3512398CCDC7} = {6BD444F0-CD0F-40EA-BE88-C9A3FFC87501}
		{E56009F7-BFA3-416A-AE44-16D79417AD18} = {25260F41-3E9E-45BB-B896-9893F8E3C9EC}
		{D89165EF-1136-40B0-88D1-F0ACB850F97D} = {3AFDFB88-EF3D-4C2F-AD0F-DE7A6A5D581E}
		{0546C8F5-CCA7-45C8-8AFA-D2BF4BB65B45} = {C58EB101-364E-4E23-AC16-92D33B410F2B}
		{D29A61F3-22F9-461E-BDB0-46E0C64C9161} = {DAF5A6BD-4B2B-49F3-869D-BB68521EC255}
		{5891AEE9-8793-407D-AC36-FC506E6ED196} = {AF7FECA3-1790-4EC1-B2FB-EF233A5F929C}
	EndGlobalSection
	GlobalSection(ExtensibilityGlobals) = postSolution
		SolutionGuid = {4EE9A9FE-ED76-4DD1-96A3-8B073167957F}
	EndGlobalSection
EndGlobal
