
Microsoft Visual Studio Solution File, Format Version 12.00
# Visual Studio Version 17
VisualStudioVersion = 17.4.33103.184
MinimumVisualStudioVersion = 10.0.40219.1
Project("{2150E333-8FDC-42A3-9474-1A3956D46DE8}") = "lib", "lib", "{6BD444F0-CD0F-40EA-BE88-C9A3FFC87501}"
EndProject
Project("{2150E333-8FDC-42A3-9474-1A3956D46DE8}") = "samples", "samples", "{3FD00F9D-D391-4E05-8CB6-C3D4D34D225C}"
EndProject
Project("{FAE04EC0-301F-11D3-BF4B-00C04F79EFBC}") = "iPdfWriter.AspNet.WebApi", "src\samples\iPdfWriter.AspNet.WebApi\iPdfWriter.AspNet.WebApi.csproj", "{CE0C4788-E93E-47E4-996C-23FE940CA4CE}"
EndProject
Project("{2150E333-8FDC-42A3-9474-1A3956D46DE8}") = "iPdfWriter", "iPdfWriter", "{9205D87F-ED21-4D91-80E6-3512398CCDC7}"
EndProject
Project("{2150E333-8FDC-42A3-9474-1A3956D46DE8}") = "iPdfWriter.Abstractions", "iPdfWriter.Abstractions", "{22C45989-F3B7-45EE-B9A2-EEAEDDA918A7}"
EndProject
Project("{9A19103F-16F7-4668-BE54-9A1E7A4F7556}") = "iPdfWriter.Abstractions.Writer", "..\iPdfWriter.Abstractions\src\lib\iPdfWriter\iPdfWriter.Abstractions.Writer\iPdfWriter.Abstractions.Writer.csproj", "{9B3E26CF-2AA2-4F82-B165-4F98CA203146}"
EndProject
Project("{2150E333-8FDC-42A3-9474-1A3956D46DE8}") = "iTin", "iTin", "{64E21C35-4355-4458-B5CF-ED0E5E263AA1}"
EndProject
Project("{2150E333-8FDC-42A3-9474-1A3956D46DE8}") = "iTin.AspNet", "iTin.AspNet", "{CF92B9DE-67D9-463D-BA9E-46979ABD3CF6}"
EndProject
Project("{9A19103F-16F7-4668-BE54-9A1E7A4F7556}") = "iTin.AspNet.Web", "..\..\iTin\iTin.AspNet\iTin.AspNet.Web\src\iTin.AspNet.Web.csproj", "{29D5AD70-0A1A-4CBF-99CF-EE3759A62032}"
EndProject
Project("{9A19103F-16F7-4668-BE54-9A1E7A4F7556}") = "iPdfWriter.AspNet", "src\lib\iPdfWriter.AspNet.csproj", "{D9F122BF-47FE-4779-BF76-201398686A08}"
EndProject
Project("{2150E333-8FDC-42A3-9474-1A3956D46DE8}") = "iPdfWriter", "iPdfWriter", "{439DB551-CBB2-4606-8A60-D09674040054}"
EndProject
Project("{9A19103F-16F7-4668-BE54-9A1E7A4F7556}") = "iPdfWriter", "..\iPdfWriter\src\lib\iPdfWriter\iPdfWriter\iPdfWriter.csproj", "{C78A0391-AD46-4DFD-A824-B146EFE3DC29}"
EndProject
Global
	GlobalSection(SolutionConfigurationPlatforms) = preSolution
		Debug|Any CPU = Debug|Any CPU
		Release|Any CPU = Release|Any CPU
	EndGlobalSection
	GlobalSection(ProjectConfigurationPlatforms) = postSolution
		{CE0C4788-E93E-47E4-996C-23FE940CA4CE}.Debug|Any CPU.ActiveCfg = Debug|Any CPU
		{CE0C4788-E93E-47E4-996C-23FE940CA4CE}.Debug|Any CPU.Build.0 = Debug|Any CPU
		{CE0C4788-E93E-47E4-996C-23FE940CA4CE}.Release|Any CPU.ActiveCfg = Release|Any CPU
		{CE0C4788-E93E-47E4-996C-23FE940CA4CE}.Release|Any CPU.Build.0 = Release|Any CPU
		{9B3E26CF-2AA2-4F82-B165-4F98CA203146}.Debug|Any CPU.ActiveCfg = Debug|Any CPU
		{9B3E26CF-2AA2-4F82-B165-4F98CA203146}.Debug|Any CPU.Build.0 = Debug|Any CPU
		{9B3E26CF-2AA2-4F82-B165-4F98CA203146}.Release|Any CPU.ActiveCfg = Release|Any CPU
		{9B3E26CF-2AA2-4F82-B165-4F98CA203146}.Release|Any CPU.Build.0 = Release|Any CPU
		{29D5AD70-0A1A-4CBF-99CF-EE3759A62032}.Debug|Any CPU.ActiveCfg = Debug|Any CPU
		{29D5AD70-0A1A-4CBF-99CF-EE3759A62032}.Debug|Any CPU.Build.0 = Debug|Any CPU
		{29D5AD70-0A1A-4CBF-99CF-EE3759A62032}.Release|Any CPU.ActiveCfg = Release|Any CPU
		{29D5AD70-0A1A-4CBF-99CF-EE3759A62032}.Release|Any CPU.Build.0 = Release|Any CPU
		{D9F122BF-47FE-4779-BF76-201398686A08}.Debug|Any CPU.ActiveCfg = Debug|Any CPU
		{D9F122BF-47FE-4779-BF76-201398686A08}.Debug|Any CPU.Build.0 = Debug|Any CPU
		{D9F122BF-47FE-4779-BF76-201398686A08}.Release|Any CPU.ActiveCfg = Release|Any CPU
		{D9F122BF-47FE-4779-BF76-201398686A08}.Release|Any CPU.Build.0 = Release|Any CPU
		{C78A0391-AD46-4DFD-A824-B146EFE3DC29}.Debug|Any CPU.ActiveCfg = Debug|Any CPU
		{C78A0391-AD46-4DFD-A824-B146EFE3DC29}.Debug|Any CPU.Build.0 = Debug|Any CPU
		{C78A0391-AD46-4DFD-A824-B146EFE3DC29}.Release|Any CPU.ActiveCfg = Release|Any CPU
		{C78A0391-AD46-4DFD-A824-B146EFE3DC29}.Release|Any CPU.Build.0 = Release|Any CPU
	EndGlobalSection
	GlobalSection(SolutionProperties) = preSolution
		HideSolutionNode = FALSE
	EndGlobalSection
	GlobalSection(NestedProjects) = preSolution
		{CE0C4788-E93E-47E4-996C-23FE940CA4CE} = {3FD00F9D-D391-4E05-8CB6-C3D4D34D225C}
		{9205D87F-ED21-4D91-80E6-3512398CCDC7} = {6BD444F0-CD0F-40EA-BE88-C9A3FFC87501}
		{22C45989-F3B7-45EE-B9A2-EEAEDDA918A7} = {9205D87F-ED21-4D91-80E6-3512398CCDC7}
		{9B3E26CF-2AA2-4F82-B165-4F98CA203146} = {22C45989-F3B7-45EE-B9A2-EEAEDDA918A7}
		{64E21C35-4355-4458-B5CF-ED0E5E263AA1} = {6BD444F0-CD0F-40EA-BE88-C9A3FFC87501}
		{CF92B9DE-67D9-463D-BA9E-46979ABD3CF6} = {64E21C35-4355-4458-B5CF-ED0E5E263AA1}
		{29D5AD70-0A1A-4CBF-99CF-EE3759A62032} = {CF92B9DE-67D9-463D-BA9E-46979ABD3CF6}
		{439DB551-CBB2-4606-8A60-D09674040054} = {9205D87F-ED21-4D91-80E6-3512398CCDC7}
		{C78A0391-AD46-4DFD-A824-B146EFE3DC29} = {439DB551-CBB2-4606-8A60-D09674040054}
	EndGlobalSection
	GlobalSection(ExtensibilityGlobals) = postSolution
		SolutionGuid = {4EE9A9FE-ED76-4DD1-96A3-8B073167957F}
	EndGlobalSection
EndGlobal
